// !$*UTF8*$!
{
	archiveVersion = 1;
	classes = {
	};
	objectVersion = 46;
	objects = {

/* Begin PBXBuildFile section */
		4D7F791F18AD7D8B00032F17 /* Foundation.framework in Frameworks */ = {isa = PBXBuildFile; fileRef = 4D7F791E18AD7D8B00032F17 /* Foundation.framework */; };
		4D7F792118AD7D8B00032F17 /* CoreGraphics.framework in Frameworks */ = {isa = PBXBuildFile; fileRef = 4D7F792018AD7D8B00032F17 /* CoreGraphics.framework */; };
		4D7F792318AD7D8B00032F17 /* UIKit.framework in Frameworks */ = {isa = PBXBuildFile; fileRef = 4D7F792218AD7D8B00032F17 /* UIKit.framework */; };
		4D7F792918AD7D8B00032F17 /* InfoPlist.strings in Resources */ = {isa = PBXBuildFile; fileRef = 4D7F792718AD7D8B00032F17 /* InfoPlist.strings */; };
		4D7F792B18AD7D8B00032F17 /* main.m in Sources */ = {isa = PBXBuildFile; fileRef = 4D7F792A18AD7D8B00032F17 /* main.m */; };
		4D7F792F18AD7D8B00032F17 /* HGAppDelegate.m in Sources */ = {isa = PBXBuildFile; fileRef = 4D7F792E18AD7D8B00032F17 /* HGAppDelegate.m */; };
		4D7F793218AD7D8B00032F17 /* Main_iPhone.storyboard in Resources */ = {isa = PBXBuildFile; fileRef = 4D7F793018AD7D8B00032F17 /* Main_iPhone.storyboard */; };
		4D7F793518AD7D8B00032F17 /* Main_iPad.storyboard in Resources */ = {isa = PBXBuildFile; fileRef = 4D7F793318AD7D8B00032F17 /* Main_iPad.storyboard */; };
		4D7F793818AD7D8B00032F17 /* HGViewController.m in Sources */ = {isa = PBXBuildFile; fileRef = 4D7F793718AD7D8B00032F17 /* HGViewController.m */; };
		4D7F793A18AD7D8B00032F17 /* Images.xcassets in Resources */ = {isa = PBXBuildFile; fileRef = 4D7F793918AD7D8B00032F17 /* Images.xcassets */; };
		4D7F794118AD7D8B00032F17 /* XCTest.framework in Frameworks */ = {isa = PBXBuildFile; fileRef = 4D7F794018AD7D8B00032F17 /* XCTest.framework */; };
		4D7F794218AD7D8B00032F17 /* Foundation.framework in Frameworks */ = {isa = PBXBuildFile; fileRef = 4D7F791E18AD7D8B00032F17 /* Foundation.framework */; };
		4D7F794318AD7D8B00032F17 /* UIKit.framework in Frameworks */ = {isa = PBXBuildFile; fileRef = 4D7F792218AD7D8B00032F17 /* UIKit.framework */; };
		4D7F794B18AD7D8B00032F17 /* InfoPlist.strings in Resources */ = {isa = PBXBuildFile; fileRef = 4D7F794918AD7D8B00032F17 /* InfoPlist.strings */; };
		4D7F794D18AD7D8B00032F17 /* HGTableViewControllerTests.m in Sources */ = {isa = PBXBuildFile; fileRef = 4D7F794C18AD7D8B00032F17 /* HGTableViewControllerTests.m */; };
/* End PBXBuildFile section */

/* Begin PBXContainerItemProxy section */
		4D7F794418AD7D8B00032F17 /* PBXContainerItemProxy */ = {
			isa = PBXContainerItemProxy;
			containerPortal = 4D7F791318AD7D8B00032F17 /* Project object */;
			proxyType = 1;
			remoteGlobalIDString = 4D7F791A18AD7D8B00032F17;
			remoteInfo = HGTableViewController;
		};
/* End PBXContainerItemProxy section */

/* Begin PBXFileReference section */
		4D7F791B18AD7D8B00032F17 /* HGTableViewController.app */ = {isa = PBXFileReference; explicitFileType = wrapper.application; includeInIndex = 0; path = HGTableViewController.app; sourceTree = BUILT_PRODUCTS_DIR; };
		4D7F791E18AD7D8B00032F17 /* Foundation.framework */ = {isa = PBXFileReference; lastKnownFileType = wrapper.framework; name = Foundation.framework; path = System/Library/Frameworks/Foundation.framework; sourceTree = SDKROOT; };
		4D7F792018AD7D8B00032F17 /* CoreGraphics.framework */ = {isa = PBXFileReference; lastKnownFileType = wrapper.framework; name = CoreGraphics.framework; path = System/Library/Frameworks/CoreGraphics.framework; sourceTree = SDKROOT; };
		4D7F792218AD7D8B00032F17 /* UIKit.framework */ = {isa = PBXFileReference; lastKnownFileType = wrapper.framework; name = UIKit.framework; path = System/Library/Frameworks/UIKit.framework; sourceTree = SDKROOT; };
		4D7F792618AD7D8B00032F17 /* HGTableViewController-Info.plist */ = {isa = PBXFileReference; lastKnownFileType = text.plist.xml; path = "HGTableViewController-Info.plist"; sourceTree = "<group>"; };
		4D7F792818AD7D8B00032F17 /* en */ = {isa = PBXFileReference; lastKnownFileType = text.plist.strings; name = en; path = en.lproj/InfoPlist.strings; sourceTree = "<group>"; };
		4D7F792A18AD7D8B00032F17 /* main.m */ = {isa = PBXFileReference; lastKnownFileType = sourcecode.c.objc; path = main.m; sourceTree = "<group>"; };
		4D7F792C18AD7D8B00032F17 /* HGTableViewController-Prefix.pch */ = {isa = PBXFileReference; lastKnownFileType = sourcecode.c.h; path = "HGTableViewController-Prefix.pch"; sourceTree = "<group>"; };
		4D7F792D18AD7D8B00032F17 /* HGAppDelegate.h */ = {isa = PBXFileReference; lastKnownFileType = sourcecode.c.h; path = HGAppDelegate.h; sourceTree = "<group>"; };
		4D7F792E18AD7D8B00032F17 /* HGAppDelegate.m */ = {isa = PBXFileReference; lastKnownFileType = sourcecode.c.objc; path = HGAppDelegate.m; sourceTree = "<group>"; };
		4D7F793118AD7D8B00032F17 /* Base */ = {isa = PBXFileReference; lastKnownFileType = file.storyboard; name = Base; path = Base.lproj/Main_iPhone.storyboard; sourceTree = "<group>"; };
		4D7F793418AD7D8B00032F17 /* Base */ = {isa = PBXFileReference; lastKnownFileType = file.storyboard; name = Base; path = Base.lproj/Main_iPad.storyboard; sourceTree = "<group>"; };
		4D7F793618AD7D8B00032F17 /* HGViewController.h */ = {isa = PBXFileReference; lastKnownFileType = sourcecode.c.h; path = HGViewController.h; sourceTree = "<group>"; };
		4D7F793718AD7D8B00032F17 /* HGViewController.m */ = {isa = PBXFileReference; lastKnownFileType = sourcecode.c.objc; path = HGViewController.m; sourceTree = "<group>"; };
		4D7F793918AD7D8B00032F17 /* Images.xcassets */ = {isa = PBXFileReference; lastKnownFileType = folder.assetcatalog; path = Images.xcassets; sourceTree = "<group>"; };
		4D7F793F18AD7D8B00032F17 /* HGTableViewControllerTests.xctest */ = {isa = PBXFileReference; explicitFileType = wrapper.cfbundle; includeInIndex = 0; path = HGTableViewControllerTests.xctest; sourceTree = BUILT_PRODUCTS_DIR; };
		4D7F794018AD7D8B00032F17 /* XCTest.framework */ = {isa = PBXFileReference; lastKnownFileType = wrapper.framework; name = XCTest.framework; path = Library/Frameworks/XCTest.framework; sourceTree = DEVELOPER_DIR; };
		4D7F794818AD7D8B00032F17 /* HGTableViewControllerTests-Info.plist */ = {isa = PBXFileReference; lastKnownFileType = text.plist.xml; path = "HGTableViewControllerTests-Info.plist"; sourceTree = "<group>"; };
		4D7F794A18AD7D8B00032F17 /* en */ = {isa = PBXFileReference; lastKnownFileType = text.plist.strings; name = en; path = en.lproj/InfoPlist.strings; sourceTree = "<group>"; };
		4D7F794C18AD7D8B00032F17 /* HGTableViewControllerTests.m */ = {isa = PBXFileReference; lastKnownFileType = sourcecode.c.objc; path = HGTableViewControllerTests.m; sourceTree = "<group>"; };
/* End PBXFileReference section */

/* Begin PBXFrameworksBuildPhase section */
		4D7F791818AD7D8B00032F17 /* Frameworks */ = {
			isa = PBXFrameworksBuildPhase;
			buildActionMask = 2147483647;
			files = (
				4D7F792118AD7D8B00032F17 /* CoreGraphics.framework in Frameworks */,
				4D7F792318AD7D8B00032F17 /* UIKit.framework in Frameworks */,
				4D7F791F18AD7D8B00032F17 /* Foundation.framework in Frameworks */,
			);
			runOnlyForDeploymentPostprocessing = 0;
		};
		4D7F793C18AD7D8B00032F17 /* Frameworks */ = {
			isa = PBXFrameworksBuildPhase;
			buildActionMask = 2147483647;
			files = (
				4D7F794118AD7D8B00032F17 /* XCTest.framework in Frameworks */,
				4D7F794318AD7D8B00032F17 /* UIKit.framework in Frameworks */,
				4D7F794218AD7D8B00032F17 /* Foundation.framework in Frameworks */,
			);
			runOnlyForDeploymentPostprocessing = 0;
		};
/* End PBXFrameworksBuildPhase section */

/* Begin PBXGroup section */
		4D7F791218AD7D8B00032F17 = {
			isa = PBXGroup;
			children = (
				4D7F792418AD7D8B00032F17 /* HGTableViewController */,
				4D7F794618AD7D8B00032F17 /* HGTableViewControllerTests */,
				4D7F791D18AD7D8B00032F17 /* Frameworks */,
				4D7F791C18AD7D8B00032F17 /* Products */,
			);
			sourceTree = "<group>";
		};
		4D7F791C18AD7D8B00032F17 /* Products */ = {
			isa = PBXGroup;
			children = (
				4D7F791B18AD7D8B00032F17 /* HGTableViewController.app */,
				4D7F793F18AD7D8B00032F17 /* HGTableViewControllerTests.xctest */,
			);
			name = Products;
			sourceTree = "<group>";
		};
		4D7F791D18AD7D8B00032F17 /* Frameworks */ = {
			isa = PBXGroup;
			children = (
				4D7F791E18AD7D8B00032F17 /* Foundation.framework */,
				4D7F792018AD7D8B00032F17 /* CoreGraphics.framework */,
				4D7F792218AD7D8B00032F17 /* UIKit.framework */,
				4D7F794018AD7D8B00032F17 /* XCTest.framework */,
			);
			name = Frameworks;
			sourceTree = "<group>";
		};
		4D7F792418AD7D8B00032F17 /* HGTableViewController */ = {
			isa = PBXGroup;
			children = (
				4D7F792D18AD7D8B00032F17 /* HGAppDelegate.h */,
				4D7F792E18AD7D8B00032F17 /* HGAppDelegate.m */,
				4D7F793018AD7D8B00032F17 /* Main_iPhone.storyboard */,
				4D7F793318AD7D8B00032F17 /* Main_iPad.storyboard */,
				4D7F793618AD7D8B00032F17 /* HGViewController.h */,
				4D7F793718AD7D8B00032F17 /* HGViewController.m */,
				4D7F793918AD7D8B00032F17 /* Images.xcassets */,
				4D7F792518AD7D8B00032F17 /* Supporting Files */,
			);
			path = HGTableViewController;
			sourceTree = "<group>";
		};
		4D7F792518AD7D8B00032F17 /* Supporting Files */ = {
			isa = PBXGroup;
			children = (
				4D7F792618AD7D8B00032F17 /* HGTableViewController-Info.plist */,
				4D7F792718AD7D8B00032F17 /* InfoPlist.strings */,
				4D7F792A18AD7D8B00032F17 /* main.m */,
				4D7F792C18AD7D8B00032F17 /* HGTableViewController-Prefix.pch */,
			);
			name = "Supporting Files";
			sourceTree = "<group>";
		};
		4D7F794618AD7D8B00032F17 /* HGTableViewControllerTests */ = {
			isa = PBXGroup;
			children = (
				4D7F794C18AD7D8B00032F17 /* HGTableViewControllerTests.m */,
				4D7F794718AD7D8B00032F17 /* Supporting Files */,
			);
			path = HGTableViewControllerTests;
			sourceTree = "<group>";
		};
		4D7F794718AD7D8B00032F17 /* Supporting Files */ = {
			isa = PBXGroup;
			children = (
				4D7F794818AD7D8B00032F17 /* HGTableViewControllerTests-Info.plist */,
				4D7F794918AD7D8B00032F17 /* InfoPlist.strings */,
			);
			name = "Supporting Files";
			sourceTree = "<group>";
		};
/* End PBXGroup section */

/* Begin PBXNativeTarget section */
		4D7F791A18AD7D8B00032F17 /* HGTableViewController */ = {
			isa = PBXNativeTarget;
			buildConfigurationList = 4D7F795018AD7D8B00032F17 /* Build configuration list for PBXNativeTarget "HGTableViewController" */;
			buildPhases = (
				4D7F791718AD7D8B00032F17 /* Sources */,
				4D7F791818AD7D8B00032F17 /* Frameworks */,
				4D7F791918AD7D8B00032F17 /* Resources */,
			);
			buildRules = (
			);
			dependencies = (
			);
			name = HGTableViewController;
			productName = HGTableViewController;
			productReference = 4D7F791B18AD7D8B00032F17 /* HGTableViewController.app */;
			productType = "com.apple.product-type.application";
		};
		4D7F793E18AD7D8B00032F17 /* HGTableViewControllerTests */ = {
			isa = PBXNativeTarget;
			buildConfigurationList = 4D7F795318AD7D8B00032F17 /* Build configuration list for PBXNativeTarget "HGTableViewControllerTests" */;
			buildPhases = (
				4D7F793B18AD7D8B00032F17 /* Sources */,
				4D7F793C18AD7D8B00032F17 /* Frameworks */,
				4D7F793D18AD7D8B00032F17 /* Resources */,
			);
			buildRules = (
			);
			dependencies = (
				4D7F794518AD7D8B00032F17 /* PBXTargetDependency */,
			);
			name = HGTableViewControllerTests;
			productName = HGTableViewControllerTests;
			productReference = 4D7F793F18AD7D8B00032F17 /* HGTableViewControllerTests.xctest */;
			productType = "com.apple.product-type.bundle.unit-test";
		};
/* End PBXNativeTarget section */

/* Begin PBXProject section */
		4D7F791318AD7D8B00032F17 /* Project object */ = {
			isa = PBXProject;
			attributes = {
				CLASSPREFIX = HG;
				LastUpgradeCheck = 0500;
				ORGANIZATIONNAME = "Henrique Gouveia";
				TargetAttributes = {
					4D7F793E18AD7D8B00032F17 = {
						TestTargetID = 4D7F791A18AD7D8B00032F17;
					};
				};
			};
			buildConfigurationList = 4D7F791618AD7D8B00032F17 /* Build configuration list for PBXProject "HGTableViewController" */;
			compatibilityVersion = "Xcode 3.2";
			developmentRegion = English;
			hasScannedForEncodings = 0;
			knownRegions = (
				en,
				Base,
			);
			mainGroup = 4D7F791218AD7D8B00032F17;
			productRefGroup = 4D7F791C18AD7D8B00032F17 /* Products */;
			projectDirPath = "";
			projectRoot = "";
			targets = (
				4D7F791A18AD7D8B00032F17 /* HGTableViewController */,
				4D7F793E18AD7D8B00032F17 /* HGTableViewControllerTests */,
			);
		};
/* End PBXProject section */

/* Begin PBXResourcesBuildPhase section */
		4D7F791918AD7D8B00032F17 /* Resources */ = {
			isa = PBXResourcesBuildPhase;
			buildActionMask = 2147483647;
			files = (
				4D7F793518AD7D8B00032F17 /* Main_iPad.storyboard in Resources */,
				4D7F793A18AD7D8B00032F17 /* Images.xcassets in Resources */,
				4D7F793218AD7D8B00032F17 /* Main_iPhone.storyboard in Resources */,
				4D7F792918AD7D8B00032F17 /* InfoPlist.strings in Resources */,
			);
			runOnlyForDeploymentPostprocessing = 0;
		};
		4D7F793D18AD7D8B00032F17 /* Resources */ = {
			isa = PBXResourcesBuildPhase;
			buildActionMask = 2147483647;
			files = (
				4D7F794B18AD7D8B00032F17 /* InfoPlist.strings in Resources */,
			);
			runOnlyForDeploymentPostprocessing = 0;
		};
/* End PBXResourcesBuildPhase section */

/* Begin PBXSourcesBuildPhase section */
		4D7F791718AD7D8B00032F17 /* Sources */ = {
			isa = PBXSourcesBuildPhase;
			buildActionMask = 2147483647;
			files = (
				4D7F793818AD7D8B00032F17 /* HGViewController.m in Sources */,
				4D7F792B18AD7D8B00032F17 /* main.m in Sources */,
				4D7F792F18AD7D8B00032F17 /* HGAppDelegate.m in Sources */,
			);
			runOnlyForDeploymentPostprocessing = 0;
		};
		4D7F793B18AD7D8B00032F17 /* Sources */ = {
			isa = PBXSourcesBuildPhase;
			buildActionMask = 2147483647;
			files = (
				4D7F794D18AD7D8B00032F17 /* HGTableViewControllerTests.m in Sources */,
			);
			runOnlyForDeploymentPostprocessing = 0;
		};
/* End PBXSourcesBuildPhase section */

/* Begin PBXTargetDependency section */
		4D7F794518AD7D8B00032F17 /* PBXTargetDependency */ = {
			isa = PBXTargetDependency;
			target = 4D7F791A18AD7D8B00032F17 /* HGTableViewController */;
			targetProxy = 4D7F794418AD7D8B00032F17 /* PBXContainerItemProxy */;
		};
/* End PBXTargetDependency section */

/* Begin PBXVariantGroup section */
		4D7F792718AD7D8B00032F17 /* InfoPlist.strings */ = {
			isa = PBXVariantGroup;
			children = (
				4D7F792818AD7D8B00032F17 /* en */,
			);
			name = InfoPlist.strings;
			sourceTree = "<group>";
		};
		4D7F793018AD7D8B00032F17 /* Main_iPhone.storyboard */ = {
			isa = PBXVariantGroup;
			children = (
				4D7F793118AD7D8B00032F17 /* Base */,
			);
			name = Main_iPhone.storyboard;
			sourceTree = "<group>";
		};
		4D7F793318AD7D8B00032F17 /* Main_iPad.storyboard */ = {
			isa = PBXVariantGroup;
			children = (
				4D7F793418AD7D8B00032F17 /* Base */,
			);
			name = Main_iPad.storyboard;
			sourceTree = "<group>";
		};
		4D7F794918AD7D8B00032F17 /* InfoPlist.strings */ = {
			isa = PBXVariantGroup;
			children = (
				4D7F794A18AD7D8B00032F17 /* en */,
			);
			name = InfoPlist.strings;
			sourceTree = "<group>";
		};
/* End PBXVariantGroup section */

/* Begin XCBuildConfiguration section */
		4D7F794E18AD7D8B00032F17 /* Debug */ = {
			isa = XCBuildConfiguration;
			buildSettings = {
				ALWAYS_SEARCH_USER_PATHS = NO;
				ARCHS = "$(ARCHS_STANDARD_INCLUDING_64_BIT)";
				CLANG_CXX_LANGUAGE_STANDARD = "gnu++0x";
				CLANG_CXX_LIBRARY = "libc++";
				CLANG_ENABLE_MODULES = YES;
				CLANG_ENABLE_OBJC_ARC = YES;
				CLANG_WARN_BOOL_CONVERSION = YES;
				CLANG_WARN_CONSTANT_CONVERSION = YES;
				CLANG_WARN_DIRECT_OBJC_ISA_USAGE = YES_ERROR;
				CLANG_WARN_EMPTY_BODY = YES;
				CLANG_WARN_ENUM_CONVERSION = YES;
				CLANG_WARN_INT_CONVERSION = YES;
				CLANG_WARN_OBJC_ROOT_CLASS = YES_ERROR;
				CLANG_WARN__DUPLICATE_METHOD_MATCH = YES;
				"CODE_SIGN_IDENTITY[sdk=iphoneos*]" = "iPhone Developer";
				COPY_PHASE_STRIP = NO;
				GCC_C_LANGUAGE_STANDARD = gnu99;
				GCC_DYNAMIC_NO_PIC = NO;
				GCC_OPTIMIZATION_LEVEL = 0;
				GCC_PREPROCESSOR_DEFINITIONS = (
					"DEBUG=1",
					"$(inherited)",
				);
				GCC_SYMBOLS_PRIVATE_EXTERN = NO;
				GCC_WARN_64_TO_32_BIT_CONVERSION = YES;
				GCC_WARN_ABOUT_RETURN_TYPE = YES_ERROR;
				GCC_WARN_UNDECLARED_SELECTOR = YES;
				GCC_WARN_UNINITIALIZED_AUTOS = YES;
				GCC_WARN_UNUSED_FUNCTION = YES;
				GCC_WARN_UNUSED_VARIABLE = YES;
				IPHONEOS_DEPLOYMENT_TARGET = 7.0;
				ONLY_ACTIVE_ARCH = YES;
				SDKROOT = iphoneos;
				TARGETED_DEVICE_FAMILY = "1,2";
			};
			name = Debug;
		};
		4D7F794F18AD7D8B00032F17 /* Release */ = {
			isa = XCBuildConfiguration;
			buildSettings = {
				ALWAYS_SEARCH_USER_PATHS = NO;
				ARCHS = "$(ARCHS_STANDARD_INCLUDING_64_BIT)";
				CLANG_CXX_LANGUAGE_STANDARD = "gnu++0x";
				CLANG_CXX_LIBRARY = "libc++";
				CLANG_ENABLE_MODULES = YES;
				CLANG_ENABLE_OBJC_ARC = YES;
				CLANG_WARN_BOOL_CONVERSION = YES;
				CLANG_WARN_CONSTANT_CONVERSION = YES;
				CLANG_WARN_DIRECT_OBJC_ISA_USAGE = YES_ERROR;
				CLANG_WARN_EMPTY_BODY = YES;
				CLANG_WARN_ENUM_CONVERSION = YES;
				CLANG_WARN_INT_CONVERSION = YES;
				CLANG_WARN_OBJC_ROOT_CLASS = YES_ERROR;
				CLANG_WARN__DUPLICATE_METHOD_MATCH = YES;
				"CODE_SIGN_IDENTITY[sdk=iphoneos*]" = "iPhone Developer";
				COPY_PHASE_STRIP = YES;
				ENABLE_NS_ASSERTIONS = NO;
				GCC_C_LANGUAGE_STANDARD = gnu99;
				GCC_WARN_64_TO_32_BIT_CONVERSION = YES;
				GCC_WARN_ABOUT_RETURN_TYPE = YES_ERROR;
				GCC_WARN_UNDECLARED_SELECTOR = YES;
				GCC_WARN_UNINITIALIZED_AUTOS = YES;
				GCC_WARN_UNUSED_FUNCTION = YES;
				GCC_WARN_UNUSED_VARIABLE = YES;
				IPHONEOS_DEPLOYMENT_TARGET = 7.0;
				SDKROOT = iphoneos;
				TARGETED_DEVICE_FAMILY = "1,2";
				VALIDATE_PRODUCT = YES;
			};
			name = Release;
		};
		4D7F795118AD7D8B00032F17 /* Debug */ = {
			isa = XCBuildConfiguration;
			buildSettings = {
				ASSETCATALOG_COMPILER_APPICON_NAME = AppIcon;
				ASSETCATALOG_COMPILER_LAUNCHIMAGE_NAME = LaunchImage;
				GCC_PRECOMPILE_PREFIX_HEADER = YES;
				GCC_PREFIX_HEADER = "HGTableViewController/HGTableViewController-Prefix.pch";
				INFOPLIST_FILE = "HGTableViewController/HGTableViewController-Info.plist";
				PRODUCT_NAME = "$(TARGET_NAME)";
				WRAPPER_EXTENSION = app;
			};
			name = Debug;
		};
		4D7F795218AD7D8B00032F17 /* Release */ = {
			isa = XCBuildConfiguration;
			buildSettings = {
				ASSETCATALOG_COMPILER_APPICON_NAME = AppIcon;
				ASSETCATALOG_COMPILER_LAUNCHIMAGE_NAME = LaunchImage;
				GCC_PRECOMPILE_PREFIX_HEADER = YES;
				GCC_PREFIX_HEADER = "HGTableViewController/HGTableViewController-Prefix.pch";
				INFOPLIST_FILE = "HGTableViewController/HGTableViewController-Info.plist";
				PRODUCT_NAME = "$(TARGET_NAME)";
				WRAPPER_EXTENSION = app;
			};
			name = Release;
		};
		4D7F795418AD7D8B00032F17 /* Debug */ = {
			isa = XCBuildConfiguration;
			buildSettings = {
				ARCHS = "$(ARCHS_STANDARD_INCLUDING_64_BIT)";
				BUNDLE_LOADER = "$(BUILT_PRODUCTS_DIR)/HGTableViewController.app/HGTableViewController";
				FRAMEWORK_SEARCH_PATHS = (
					"$(SDKROOT)/Developer/Library/Frameworks",
					"$(inherited)",
					"$(DEVELOPER_FRAMEWORKS_DIR)",
				);
				GCC_PRECOMPILE_PREFIX_HEADER = YES;
				GCC_PREFIX_HEADER = "HGTableViewController/HGTableViewController-Prefix.pch";
				GCC_PREPROCESSOR_DEFINITIONS = (
					"DEBUG=1",
					"$(inherited)",
				);
				INFOPLIST_FILE = "HGTableViewControllerTests/HGTableViewControllerTests-Info.plist";
				PRODUCT_NAME = "$(TARGET_NAME)";
				TEST_HOST = "$(BUNDLE_LOADER)";
				WRAPPER_EXTENSION = xctest;
			};
			name = Debug;
		};
		4D7F795518AD7D8B00032F17 /* Release */ = {
			isa = XCBuildConfiguration;
			buildSettings = {
				ARCHS = "$(ARCHS_STANDARD_INCLUDING_64_BIT)";
				BUNDLE_LOADER = "$(BUILT_PRODUCTS_DIR)/HGTableViewController.app/HGTableViewController";
				FRAMEWORK_SEARCH_PATHS = (
					"$(SDKROOT)/Developer/Library/Frameworks",
					"$(inherited)",
					"$(DEVELOPER_FRAMEWORKS_DIR)",
				);
				GCC_PRECOMPILE_PREFIX_HEADER = YES;
				GCC_PREFIX_HEADER = "HGTableViewController/HGTableViewController-Prefix.pch";
				INFOPLIST_FILE = "HGTableViewControllerTests/HGTableViewControllerTests-Info.plist";
				PRODUCT_NAME = "$(TARGET_NAME)";
				TEST_HOST = "$(BUNDLE_LOADER)";
				WRAPPER_EXTENSION = xctest;
			};
			name = Release;
		};
/* End XCBuildConfiguration section */

/* Begin XCConfigurationList section */
		4D7F791618AD7D8B00032F17 /* Build configuration list for PBXProject "HGTableViewController" */ = {
			isa = XCConfigurationList;
			buildConfigurations = (
				4D7F794E18AD7D8B00032F17 /* Debug */,
				4D7F794F18AD7D8B00032F17 /* Release */,
			);
			defaultConfigurationIsVisible = 0;
			defaultConfigurationName = Release;
		};
		4D7F795018AD7D8B00032F17 /* Build configuration list for PBXNativeTarget "HGTableViewController" */ = {
			isa = XCConfigurationList;
			buildConfigurations = (
				4D7F795118AD7D8B00032F17 /* Debug */,
				4D7F795218AD7D8B00032F17 /* Release */,
			);
			defaultConfigurationIsVisible = 0;
		};
		4D7F795318AD7D8B00032F17 /* Build configuration list for PBXNativeTarget "HGTableViewControllerTests" */ = {
			isa = XCConfigurationList;
			buildConfigurations = (
				4D7F795418AD7D8B00032F17 /* Debug */,
				4D7F795518AD7D8B00032F17 /* Release */,
			);
			defaultConfigurationIsVisible = 0;
		};
/* End XCConfigurationList section */
	};
	rootObject = 4D7F791318AD7D8B00032F17 /* Project object */;
}
